{
  "name": "@mental/cli",
  "version": "0.0.0",
  "lockfileVersion": 3,
  "requires": true,
  "packages": {
    "": {
      "name": "@mental/cli",
      "version": "0.0.0",
      "license": "MIT",
      "bin": {
        "mental": "bin/cli.mjs"
      },
      "engines": {
        "node": ">=18"
      }
    }
  }
}
